// !$*UTF8*$!
{
	archiveVersion = 1;
	classes = {
	};
	objectVersion = 46;
	objects = {

/* Begin PBXBuildFile section */
		8A02C3021DA7E98A00E21B4C /* SnapshotHelper.swift in Sources */ = {isa = PBXBuildFile; fileRef = 8A02C3011DA7E98A00E21B4C /* SnapshotHelper.swift */; };
		8A2D8F511DA342E000631B29 /* BeaconSequenceDelegate.swift in Sources */ = {isa = PBXBuildFile; fileRef = A53EE4651DA2EB0300BB30A8 /* BeaconSequenceDelegate.swift */; };
		8A571EE61DA5519E00443893 /* Helper.swift in Sources */ = {isa = PBXBuildFile; fileRef = A53EE4671DA30BED00BB30A8 /* Helper.swift */; };
		8A571EEE1DA55ADF00443893 /* beaconWalkerUITests.swift in Sources */ = {isa = PBXBuildFile; fileRef = 8A571EED1DA55ADF00443893 /* beaconWalkerUITests.swift */; };
		A53EE4601DA2E28F00BB30A8 /* BeaconSequence.swift in Sources */ = {isa = PBXBuildFile; fileRef = A53EE45F1DA2E28F00BB30A8 /* BeaconSequence.swift */; };
		A53EE4611DA2E4BB00BB30A8 /* BeaconSequence.swift in Sources */ = {isa = PBXBuildFile; fileRef = A53EE45F1DA2E28F00BB30A8 /* BeaconSequence.swift */; };
		A53EE4661DA2EB0300BB30A8 /* BeaconSequenceDelegate.swift in Sources */ = {isa = PBXBuildFile; fileRef = A53EE4651DA2EB0300BB30A8 /* BeaconSequenceDelegate.swift */; };
		A53EE4681DA30BED00BB30A8 /* Helper.swift in Sources */ = {isa = PBXBuildFile; fileRef = A53EE4671DA30BED00BB30A8 /* Helper.swift */; };
		A54DF0BD1D9188C60078EE52 /* AppDelegate.swift in Sources */ = {isa = PBXBuildFile; fileRef = A54DF0BC1D9188C60078EE52 /* AppDelegate.swift */; };
		A54DF0BF1D9188C60078EE52 /* ViewController.swift in Sources */ = {isa = PBXBuildFile; fileRef = A54DF0BE1D9188C60078EE52 /* ViewController.swift */; };
		A54DF0C21D9188C60078EE52 /* Main.storyboard in Resources */ = {isa = PBXBuildFile; fileRef = A54DF0C01D9188C60078EE52 /* Main.storyboard */; };
		A54DF0C51D9188C60078EE52 /* beaconWalker.xcdatamodeld in Sources */ = {isa = PBXBuildFile; fileRef = A54DF0C31D9188C60078EE52 /* beaconWalker.xcdatamodeld */; };
		A54DF0C71D9188C60078EE52 /* Assets.xcassets in Resources */ = {isa = PBXBuildFile; fileRef = A54DF0C61D9188C60078EE52 /* Assets.xcassets */; };
		A54DF0CA1D9188C60078EE52 /* LaunchScreen.storyboard in Resources */ = {isa = PBXBuildFile; fileRef = A54DF0C81D9188C60078EE52 /* LaunchScreen.storyboard */; };
		A5D475BA1DA2A89000026A71 /* beacons_test.json in Resources */ = {isa = PBXBuildFile; fileRef = A5D475B91DA2A89000026A71 /* beacons_test.json */; };
		A5D475BB1DA2ABD200026A71 /* beacons_test.json in Resources */ = {isa = PBXBuildFile; fileRef = A5D475B91DA2A89000026A71 /* beacons_test.json */; };
		A5D475BE1DA2B04800026A71 /* beaconTableView.swift in Sources */ = {isa = PBXBuildFile; fileRef = A5D475BD1DA2B04800026A71 /* beaconTableView.swift */; };
		A5D475C01DA2B29000026A71 /* beaconCell.swift in Sources */ = {isa = PBXBuildFile; fileRef = A5D475BF1DA2B29000026A71 /* beaconCell.swift */; };
		A5EB20D71D9AF79D00AA2DF3 /* Beacon.swift in Sources */ = {isa = PBXBuildFile; fileRef = A5ECDE481D91AAF700FADD78 /* Beacon.swift */; };
		A5ECDE411D91A9E700FADD78 /* beaconWalkerTests.swift in Sources */ = {isa = PBXBuildFile; fileRef = A5ECDE401D91A9E700FADD78 /* beaconWalkerTests.swift */; };
		A5ECDE491D91AAF700FADD78 /* Beacon.swift in Sources */ = {isa = PBXBuildFile; fileRef = A5ECDE481D91AAF700FADD78 /* Beacon.swift */; };
/* End PBXBuildFile section */

/* Begin PBXContainerItemProxy section */
		8A571EF01DA55ADF00443893 /* PBXContainerItemProxy */ = {
			isa = PBXContainerItemProxy;
			containerPortal = A54DF0B11D9188C60078EE52 /* Project object */;
			proxyType = 1;
			remoteGlobalIDString = A54DF0B81D9188C60078EE52;
			remoteInfo = beaconWalker;
		};
		A5ECDE431D91A9E700FADD78 /* PBXContainerItemProxy */ = {
			isa = PBXContainerItemProxy;
			containerPortal = A54DF0B11D9188C60078EE52 /* Project object */;
			proxyType = 1;
			remoteGlobalIDString = A54DF0B81D9188C60078EE52;
			remoteInfo = beaconWalker;
		};
/* End PBXContainerItemProxy section */

/* Begin PBXFileReference section */
		8A02C3011DA7E98A00E21B4C /* SnapshotHelper.swift */ = {isa = PBXFileReference; fileEncoding = 4; lastKnownFileType = sourcecode.swift; name = SnapshotHelper.swift; path = fastlane/SnapshotHelper.swift; sourceTree = SOURCE_ROOT; };
		8A571EEB1DA55ADF00443893 /* beaconWalkerUITests.xctest */ = {isa = PBXFileReference; explicitFileType = wrapper.cfbundle; includeInIndex = 0; path = beaconWalkerUITests.xctest; sourceTree = BUILT_PRODUCTS_DIR; };
		8A571EED1DA55ADF00443893 /* beaconWalkerUITests.swift */ = {isa = PBXFileReference; lastKnownFileType = sourcecode.swift; path = beaconWalkerUITests.swift; sourceTree = "<group>"; };
		8A571EEF1DA55ADF00443893 /* Info.plist */ = {isa = PBXFileReference; lastKnownFileType = text.plist.xml; path = Info.plist; sourceTree = "<group>"; };
		8A9B2C3F2097FBEE00428F86 /* beaconWalker.entitlements */ = {isa = PBXFileReference; lastKnownFileType = text.plist.entitlements; path = beaconWalker.entitlements; sourceTree = "<group>"; };
		A53EE45F1DA2E28F00BB30A8 /* BeaconSequence.swift */ = {isa = PBXFileReference; fileEncoding = 4; lastKnownFileType = sourcecode.swift; path = BeaconSequence.swift; sourceTree = "<group>"; };
		A53EE4651DA2EB0300BB30A8 /* BeaconSequenceDelegate.swift */ = {isa = PBXFileReference; fileEncoding = 4; lastKnownFileType = sourcecode.swift; path = BeaconSequenceDelegate.swift; sourceTree = "<group>"; };
		A53EE4671DA30BED00BB30A8 /* Helper.swift */ = {isa = PBXFileReference; fileEncoding = 4; lastKnownFileType = sourcecode.swift; path = Helper.swift; sourceTree = "<group>"; };
		A54DF0B91D9188C60078EE52 /* beaconWalker.app */ = {isa = PBXFileReference; explicitFileType = wrapper.application; includeInIndex = 0; path = beaconWalker.app; sourceTree = BUILT_PRODUCTS_DIR; };
		A54DF0BC1D9188C60078EE52 /* AppDelegate.swift */ = {isa = PBXFileReference; lastKnownFileType = sourcecode.swift; path = AppDelegate.swift; sourceTree = "<group>"; };
		A54DF0BE1D9188C60078EE52 /* ViewController.swift */ = {isa = PBXFileReference; lastKnownFileType = sourcecode.swift; path = ViewController.swift; sourceTree = "<group>"; };
		A54DF0C11D9188C60078EE52 /* Base */ = {isa = PBXFileReference; lastKnownFileType = file.storyboard; name = Base; path = Base.lproj/Main.storyboard; sourceTree = "<group>"; };
		A54DF0C41D9188C60078EE52 /* beaconWalker.xcdatamodel */ = {isa = PBXFileReference; lastKnownFileType = wrapper.xcdatamodel; path = beaconWalker.xcdatamodel; sourceTree = "<group>"; };
		A54DF0C61D9188C60078EE52 /* Assets.xcassets */ = {isa = PBXFileReference; lastKnownFileType = folder.assetcatalog; path = Assets.xcassets; sourceTree = "<group>"; };
		A54DF0C91D9188C60078EE52 /* Base */ = {isa = PBXFileReference; lastKnownFileType = file.storyboard; name = Base; path = Base.lproj/LaunchScreen.storyboard; sourceTree = "<group>"; };
		A54DF0CB1D9188C60078EE52 /* Info.plist */ = {isa = PBXFileReference; lastKnownFileType = text.plist.xml; path = Info.plist; sourceTree = "<group>"; };
		A5D475B91DA2A89000026A71 /* beacons_test.json */ = {isa = PBXFileReference; fileEncoding = 4; lastKnownFileType = text.json; path = beacons_test.json; sourceTree = "<group>"; };
		A5D475BD1DA2B04800026A71 /* beaconTableView.swift */ = {isa = PBXFileReference; fileEncoding = 4; lastKnownFileType = sourcecode.swift; path = beaconTableView.swift; sourceTree = "<group>"; };
		A5D475BF1DA2B29000026A71 /* beaconCell.swift */ = {isa = PBXFileReference; fileEncoding = 4; lastKnownFileType = sourcecode.swift; path = beaconCell.swift; sourceTree = "<group>"; };
		A5ECDE3E1D91A9E700FADD78 /* beaconWalkerTests.xctest */ = {isa = PBXFileReference; explicitFileType = wrapper.cfbundle; includeInIndex = 0; path = beaconWalkerTests.xctest; sourceTree = BUILT_PRODUCTS_DIR; };
		A5ECDE401D91A9E700FADD78 /* beaconWalkerTests.swift */ = {isa = PBXFileReference; lastKnownFileType = sourcecode.swift; path = beaconWalkerTests.swift; sourceTree = "<group>"; };
		A5ECDE421D91A9E700FADD78 /* Info.plist */ = {isa = PBXFileReference; lastKnownFileType = text.plist.xml; path = Info.plist; sourceTree = "<group>"; };
		A5ECDE481D91AAF700FADD78 /* Beacon.swift */ = {isa = PBXFileReference; fileEncoding = 4; lastKnownFileType = sourcecode.swift; path = Beacon.swift; sourceTree = "<group>"; };
/* End PBXFileReference section */

/* Begin PBXFrameworksBuildPhase section */
		8A571EE81DA55ADF00443893 /* Frameworks */ = {
			isa = PBXFrameworksBuildPhase;
			buildActionMask = 2147483647;
			files = (
			);
			runOnlyForDeploymentPostprocessing = 0;
		};
		A54DF0B61D9188C60078EE52 /* Frameworks */ = {
			isa = PBXFrameworksBuildPhase;
			buildActionMask = 2147483647;
			files = (
			);
			runOnlyForDeploymentPostprocessing = 0;
		};
		A5ECDE3B1D91A9E700FADD78 /* Frameworks */ = {
			isa = PBXFrameworksBuildPhase;
			buildActionMask = 2147483647;
			files = (
			);
			runOnlyForDeploymentPostprocessing = 0;
		};
/* End PBXFrameworksBuildPhase section */

/* Begin PBXGroup section */
		8A571EEC1DA55ADF00443893 /* beaconWalkerUITests */ = {
			isa = PBXGroup;
			children = (
				8A02C3011DA7E98A00E21B4C /* SnapshotHelper.swift */,
				8A571EED1DA55ADF00443893 /* beaconWalkerUITests.swift */,
				8A571EEF1DA55ADF00443893 /* Info.plist */,
			);
			path = beaconWalkerUITests;
			sourceTree = "<group>";
		};
		8A9B2C4020980A1300428F86 /* Frameworks */ = {
			isa = PBXGroup;
			children = (
			);
			name = Frameworks;
			sourceTree = "<group>";
		};
		A54DF0B01D9188C60078EE52 = {
			isa = PBXGroup;
			children = (
				A54DF0BB1D9188C60078EE52 /* beaconWalker */,
				A5ECDE3F1D91A9E700FADD78 /* beaconWalkerTests */,
				8A571EEC1DA55ADF00443893 /* beaconWalkerUITests */,
				A54DF0BA1D9188C60078EE52 /* Products */,
				8A9B2C4020980A1300428F86 /* Frameworks */,
			);
			sourceTree = "<group>";
		};
		A54DF0BA1D9188C60078EE52 /* Products */ = {
			isa = PBXGroup;
			children = (
				A54DF0B91D9188C60078EE52 /* beaconWalker.app */,
				A5ECDE3E1D91A9E700FADD78 /* beaconWalkerTests.xctest */,
				8A571EEB1DA55ADF00443893 /* beaconWalkerUITests.xctest */,
			);
			name = Products;
			sourceTree = "<group>";
		};
		A54DF0BB1D9188C60078EE52 /* beaconWalker */ = {
			isa = PBXGroup;
			children = (
				8A9B2C3F2097FBEE00428F86 /* beaconWalker.entitlements */,
				A5D475C11DA2BA5200026A71 /* Helper */,
				A5D475BC1DA2B02100026A71 /* TableView */,
				A5D475B81DA2A89000026A71 /* data */,
				A54DF0BC1D9188C60078EE52 /* AppDelegate.swift */,
				A54DF0BE1D9188C60078EE52 /* ViewController.swift */,
				A54DF0C01D9188C60078EE52 /* Main.storyboard */,
				A54DF0C61D9188C60078EE52 /* Assets.xcassets */,
				A54DF0C81D9188C60078EE52 /* LaunchScreen.storyboard */,
				A54DF0CB1D9188C60078EE52 /* Info.plist */,
				A54DF0C31D9188C60078EE52 /* beaconWalker.xcdatamodeld */,
				A5ECDE481D91AAF700FADD78 /* Beacon.swift */,
				A53EE45F1DA2E28F00BB30A8 /* BeaconSequence.swift */,
				A53EE4651DA2EB0300BB30A8 /* BeaconSequenceDelegate.swift */,
			);
			path = beaconWalker;
			sourceTree = "<group>";
		};
		A5D475B81DA2A89000026A71 /* data */ = {
			isa = PBXGroup;
			children = (
				A5D475B91DA2A89000026A71 /* beacons_test.json */,
			);
			path = data;
			sourceTree = "<group>";
		};
		A5D475BC1DA2B02100026A71 /* TableView */ = {
			isa = PBXGroup;
			children = (
				A5D475BD1DA2B04800026A71 /* beaconTableView.swift */,
				A5D475BF1DA2B29000026A71 /* beaconCell.swift */,
			);
			name = TableView;
			sourceTree = "<group>";
		};
		A5D475C11DA2BA5200026A71 /* Helper */ = {
			isa = PBXGroup;
			children = (
				A53EE4671DA30BED00BB30A8 /* Helper.swift */,
			);
			name = Helper;
			sourceTree = "<group>";
		};
		A5ECDE3F1D91A9E700FADD78 /* beaconWalkerTests */ = {
			isa = PBXGroup;
			children = (
				A5ECDE401D91A9E700FADD78 /* beaconWalkerTests.swift */,
				A5ECDE421D91A9E700FADD78 /* Info.plist */,
			);
			path = beaconWalkerTests;
			sourceTree = "<group>";
		};
/* End PBXGroup section */

/* Begin PBXNativeTarget section */
		8A571EEA1DA55ADF00443893 /* beaconWalkerUITests */ = {
			isa = PBXNativeTarget;
			buildConfigurationList = 8A571EF21DA55ADF00443893 /* Build configuration list for PBXNativeTarget "beaconWalkerUITests" */;
			buildPhases = (
				8A571EE71DA55ADF00443893 /* Sources */,
				8A571EE81DA55ADF00443893 /* Frameworks */,
				8A571EE91DA55ADF00443893 /* Resources */,
			);
			buildRules = (
			);
			dependencies = (
				8A571EF11DA55ADF00443893 /* PBXTargetDependency */,
			);
			name = beaconWalkerUITests;
			productName = beaconWalkerUITests;
			productReference = 8A571EEB1DA55ADF00443893 /* beaconWalkerUITests.xctest */;
			productType = "com.apple.product-type.bundle.ui-testing";
		};
		A54DF0B81D9188C60078EE52 /* beaconWalker */ = {
			isa = PBXNativeTarget;
			buildConfigurationList = A54DF0CE1D9188C60078EE52 /* Build configuration list for PBXNativeTarget "beaconWalker" */;
			buildPhases = (
				A54DF0B51D9188C60078EE52 /* Sources */,
				A54DF0B61D9188C60078EE52 /* Frameworks */,
				A54DF0B71D9188C60078EE52 /* Resources */,
			);
			buildRules = (
			);
			dependencies = (
			);
			name = beaconWalker;
			productName = beaconWalker;
			productReference = A54DF0B91D9188C60078EE52 /* beaconWalker.app */;
			productType = "com.apple.product-type.application";
		};
		A5ECDE3D1D91A9E700FADD78 /* beaconWalkerTests */ = {
			isa = PBXNativeTarget;
			buildConfigurationList = A5ECDE471D91A9E700FADD78 /* Build configuration list for PBXNativeTarget "beaconWalkerTests" */;
			buildPhases = (
				A5ECDE3A1D91A9E700FADD78 /* Sources */,
				A5ECDE3B1D91A9E700FADD78 /* Frameworks */,
				A5ECDE3C1D91A9E700FADD78 /* Resources */,
			);
			buildRules = (
			);
			dependencies = (
				A5ECDE441D91A9E700FADD78 /* PBXTargetDependency */,
			);
			name = beaconWalkerTests;
			productName = beaconWalkerTests;
			productReference = A5ECDE3E1D91A9E700FADD78 /* beaconWalkerTests.xctest */;
			productType = "com.apple.product-type.bundle.unit-test";
		};
/* End PBXNativeTarget section */

/* Begin PBXProject section */
		A54DF0B11D9188C60078EE52 /* Project object */ = {
			isa = PBXProject;
			attributes = {
				LastSwiftUpdateCheck = 0800;
				LastUpgradeCheck = 0930;
				ORGANIZATIONNAME = "Philadelphia Museum of Art";
				TargetAttributes = {
					8A571EEA1DA55ADF00443893 = {
						CreatedOnToolsVersion = 8.0;
						DevelopmentTeam = GYM5NHJ654;
						LastSwiftMigration = 0930;
						ProvisioningStyle = Automatic;
						TestTargetID = A54DF0B81D9188C60078EE52;
					};
					A54DF0B81D9188C60078EE52 = {
						CreatedOnToolsVersion = 7.3;
						DevelopmentTeam = GYM5NHJ654;
						LastSwiftMigration = 0930;
						SystemCapabilities = {
							com.apple.Push = {
								enabled = 1;
							};
							com.apple.iCloud = {
								enabled = 1;
							};
						};
					};
					A5ECDE3D1D91A9E700FADD78 = {
						CreatedOnToolsVersion = 7.3;
						DevelopmentTeam = GYM5NHJ654;
						LastSwiftMigration = 0930;
						TestTargetID = A54DF0B81D9188C60078EE52;
					};
				};
			};
			buildConfigurationList = A54DF0B41D9188C60078EE52 /* Build configuration list for PBXProject "beaconWalker" */;
			compatibilityVersion = "Xcode 3.2";
			developmentRegion = English;
			hasScannedForEncodings = 0;
			knownRegions = (
				en,
				Base,
			);
			mainGroup = A54DF0B01D9188C60078EE52;
			productRefGroup = A54DF0BA1D9188C60078EE52 /* Products */;
			projectDirPath = "";
			projectRoot = "";
			targets = (
				A54DF0B81D9188C60078EE52 /* beaconWalker */,
				A5ECDE3D1D91A9E700FADD78 /* beaconWalkerTests */,
				8A571EEA1DA55ADF00443893 /* beaconWalkerUITests */,
			);
		};
/* End PBXProject section */

/* Begin PBXResourcesBuildPhase section */
		8A571EE91DA55ADF00443893 /* Resources */ = {
			isa = PBXResourcesBuildPhase;
			buildActionMask = 2147483647;
			files = (
			);
			runOnlyForDeploymentPostprocessing = 0;
		};
		A54DF0B71D9188C60078EE52 /* Resources */ = {
			isa = PBXResourcesBuildPhase;
			buildActionMask = 2147483647;
			files = (
				A54DF0CA1D9188C60078EE52 /* LaunchScreen.storyboard in Resources */,
				A54DF0C71D9188C60078EE52 /* Assets.xcassets in Resources */,
				A54DF0C21D9188C60078EE52 /* Main.storyboard in Resources */,
				A5D475BA1DA2A89000026A71 /* beacons_test.json in Resources */,
			);
			runOnlyForDeploymentPostprocessing = 0;
		};
		A5ECDE3C1D91A9E700FADD78 /* Resources */ = {
			isa = PBXResourcesBuildPhase;
			buildActionMask = 2147483647;
			files = (
				A5D475BB1DA2ABD200026A71 /* beacons_test.json in Resources */,
			);
			runOnlyForDeploymentPostprocessing = 0;
		};
/* End PBXResourcesBuildPhase section */

/* Begin PBXSourcesBuildPhase section */
		8A571EE71DA55ADF00443893 /* Sources */ = {
			isa = PBXSourcesBuildPhase;
			buildActionMask = 2147483647;
			files = (
				8A571EEE1DA55ADF00443893 /* beaconWalkerUITests.swift in Sources */,
				8A02C3021DA7E98A00E21B4C /* SnapshotHelper.swift in Sources */,
			);
			runOnlyForDeploymentPostprocessing = 0;
		};
		A54DF0B51D9188C60078EE52 /* Sources */ = {
			isa = PBXSourcesBuildPhase;
			buildActionMask = 2147483647;
			files = (
				A5D475BE1DA2B04800026A71 /* beaconTableView.swift in Sources */,
				A53EE4661DA2EB0300BB30A8 /* BeaconSequenceDelegate.swift in Sources */,
				A54DF0BF1D9188C60078EE52 /* ViewController.swift in Sources */,
				A54DF0C51D9188C60078EE52 /* beaconWalker.xcdatamodeld in Sources */,
				A54DF0BD1D9188C60078EE52 /* AppDelegate.swift in Sources */,
				A53EE4681DA30BED00BB30A8 /* Helper.swift in Sources */,
				A53EE4601DA2E28F00BB30A8 /* BeaconSequence.swift in Sources */,
				A5ECDE491D91AAF700FADD78 /* Beacon.swift in Sources */,
				A5D475C01DA2B29000026A71 /* beaconCell.swift in Sources */,
			);
			runOnlyForDeploymentPostprocessing = 0;
		};
		A5ECDE3A1D91A9E700FADD78 /* Sources */ = {
			isa = PBXSourcesBuildPhase;
			buildActionMask = 2147483647;
			files = (
				A53EE4611DA2E4BB00BB30A8 /* BeaconSequence.swift in Sources */,
				A5ECDE411D91A9E700FADD78 /* beaconWalkerTests.swift in Sources */,
				8A571EE61DA5519E00443893 /* Helper.swift in Sources */,
				A5EB20D71D9AF79D00AA2DF3 /* Beacon.swift in Sources */,
				8A2D8F511DA342E000631B29 /* BeaconSequenceDelegate.swift in Sources */,
			);
			runOnlyForDeploymentPostprocessing = 0;
		};
/* End PBXSourcesBuildPhase section */

/* Begin PBXTargetDependency section */
		8A571EF11DA55ADF00443893 /* PBXTargetDependency */ = {
			isa = PBXTargetDependency;
			target = A54DF0B81D9188C60078EE52 /* beaconWalker */;
			targetProxy = 8A571EF01DA55ADF00443893 /* PBXContainerItemProxy */;
		};
		A5ECDE441D91A9E700FADD78 /* PBXTargetDependency */ = {
			isa = PBXTargetDependency;
			target = A54DF0B81D9188C60078EE52 /* beaconWalker */;
			targetProxy = A5ECDE431D91A9E700FADD78 /* PBXContainerItemProxy */;
		};
/* End PBXTargetDependency section */

/* Begin PBXVariantGroup section */
		A54DF0C01D9188C60078EE52 /* Main.storyboard */ = {
			isa = PBXVariantGroup;
			children = (
				A54DF0C11D9188C60078EE52 /* Base */,
			);
			name = Main.storyboard;
			sourceTree = "<group>";
		};
		A54DF0C81D9188C60078EE52 /* LaunchScreen.storyboard */ = {
			isa = PBXVariantGroup;
			children = (
				A54DF0C91D9188C60078EE52 /* Base */,
			);
			name = LaunchScreen.storyboard;
			sourceTree = "<group>";
		};
/* End PBXVariantGroup section */

/* Begin XCBuildConfiguration section */
		8A571EF31DA55ADF00443893 /* Debug */ = {
			isa = XCBuildConfiguration;
			buildSettings = {
				CLANG_WARN_DOCUMENTATION_COMMENTS = YES;
				CLANG_WARN_SUSPICIOUS_MOVES = YES;
				DEVELOPMENT_TEAM = GYM5NHJ654;
				INFOPLIST_FILE = beaconWalkerUITests/Info.plist;
				IPHONEOS_DEPLOYMENT_TARGET = 10.0;
				LD_RUNPATH_SEARCH_PATHS = "$(inherited) @executable_path/Frameworks @loader_path/Frameworks";
				PRODUCT_BUNDLE_IDENTIFIER = com.peteralt.beaconWalkerUITests;
				PRODUCT_NAME = "$(TARGET_NAME)";
				SWIFT_ACTIVE_COMPILATION_CONDITIONS = DEBUG;
				SWIFT_SWIFT3_OBJC_INFERENCE = Off;
				SWIFT_VERSION = 4.0;
				TEST_TARGET_NAME = beaconWalker;
			};
			name = Debug;
		};
		8A571EF41DA55ADF00443893 /* Release */ = {
			isa = XCBuildConfiguration;
			buildSettings = {
				CLANG_WARN_DOCUMENTATION_COMMENTS = YES;
				CLANG_WARN_SUSPICIOUS_MOVES = YES;
				DEVELOPMENT_TEAM = GYM5NHJ654;
				INFOPLIST_FILE = beaconWalkerUITests/Info.plist;
				IPHONEOS_DEPLOYMENT_TARGET = 10.0;
				LD_RUNPATH_SEARCH_PATHS = "$(inherited) @executable_path/Frameworks @loader_path/Frameworks";
				PRODUCT_BUNDLE_IDENTIFIER = com.peteralt.beaconWalkerUITests;
				PRODUCT_NAME = "$(TARGET_NAME)";
				SWIFT_SWIFT3_OBJC_INFERENCE = Off;
				SWIFT_VERSION = 4.0;
				TEST_TARGET_NAME = beaconWalker;
			};
			name = Release;
		};
		A54DF0CC1D9188C60078EE52 /* Debug */ = {
			isa = XCBuildConfiguration;
			buildSettings = {
				ALWAYS_SEARCH_USER_PATHS = NO;
				CLANG_ANALYZER_NONNULL = YES;
				CLANG_CXX_LANGUAGE_STANDARD = "gnu++0x";
				CLANG_CXX_LIBRARY = "libc++";
				CLANG_ENABLE_MODULES = YES;
				CLANG_ENABLE_OBJC_ARC = YES;
				CLANG_WARN_BLOCK_CAPTURE_AUTORELEASING = YES;
				CLANG_WARN_BOOL_CONVERSION = YES;
				CLANG_WARN_COMMA = YES;
				CLANG_WARN_CONSTANT_CONVERSION = YES;
				CLANG_WARN_DEPRECATED_OBJC_IMPLEMENTATIONS = YES;
				CLANG_WARN_DIRECT_OBJC_ISA_USAGE = YES_ERROR;
				CLANG_WARN_EMPTY_BODY = YES;
				CLANG_WARN_ENUM_CONVERSION = YES;
				CLANG_WARN_INFINITE_RECURSION = YES;
				CLANG_WARN_INT_CONVERSION = YES;
				CLANG_WARN_NON_LITERAL_NULL_CONVERSION = YES;
				CLANG_WARN_OBJC_IMPLICIT_RETAIN_SELF = YES;
				CLANG_WARN_OBJC_LITERAL_CONVERSION = YES;
				CLANG_WARN_OBJC_ROOT_CLASS = YES_ERROR;
				CLANG_WARN_RANGE_LOOP_ANALYSIS = YES;
				CLANG_WARN_STRICT_PROTOTYPES = YES;
				CLANG_WARN_SUSPICIOUS_MOVE = YES;
				CLANG_WARN_UNREACHABLE_CODE = YES;
				CLANG_WARN__DUPLICATE_METHOD_MATCH = YES;
				"CODE_SIGN_IDENTITY[sdk=iphoneos*]" = "iPhone Developer";
				COPY_PHASE_STRIP = NO;
				DEBUG_INFORMATION_FORMAT = dwarf;
				ENABLE_STRICT_OBJC_MSGSEND = YES;
				ENABLE_TESTABILITY = YES;
				GCC_C_LANGUAGE_STANDARD = gnu99;
				GCC_DYNAMIC_NO_PIC = NO;
				GCC_NO_COMMON_BLOCKS = YES;
				GCC_OPTIMIZATION_LEVEL = 0;
				GCC_PREPROCESSOR_DEFINITIONS = (
					"DEBUG=1",
					"$(inherited)",
				);
				GCC_WARN_64_TO_32_BIT_CONVERSION = YES;
				GCC_WARN_ABOUT_RETURN_TYPE = YES_ERROR;
				GCC_WARN_UNDECLARED_SELECTOR = YES;
				GCC_WARN_UNINITIALIZED_AUTOS = YES_AGGRESSIVE;
				GCC_WARN_UNUSED_FUNCTION = YES;
				GCC_WARN_UNUSED_VARIABLE = YES;
				IPHONEOS_DEPLOYMENT_TARGET = 9.3;
				MTL_ENABLE_DEBUG_INFO = YES;
				ONLY_ACTIVE_ARCH = YES;
				SDKROOT = iphoneos;
				SWIFT_OPTIMIZATION_LEVEL = "-Onone";
				TARGETED_DEVICE_FAMILY = "1,2";
			};
			name = Debug;
		};
		A54DF0CD1D9188C60078EE52 /* Release */ = {
			isa = XCBuildConfiguration;
			buildSettings = {
				ALWAYS_SEARCH_USER_PATHS = NO;
				CLANG_ANALYZER_NONNULL = YES;
				CLANG_CXX_LANGUAGE_STANDARD = "gnu++0x";
				CLANG_CXX_LIBRARY = "libc++";
				CLANG_ENABLE_MODULES = YES;
				CLANG_ENABLE_OBJC_ARC = YES;
				CLANG_WARN_BLOCK_CAPTURE_AUTORELEASING = YES;
				CLANG_WARN_BOOL_CONVERSION = YES;
				CLANG_WARN_COMMA = YES;
				CLANG_WARN_CONSTANT_CONVERSION = YES;
				CLANG_WARN_DEPRECATED_OBJC_IMPLEMENTATIONS = YES;
				CLANG_WARN_DIRECT_OBJC_ISA_USAGE = YES_ERROR;
				CLANG_WARN_EMPTY_BODY = YES;
				CLANG_WARN_ENUM_CONVERSION = YES;
				CLANG_WARN_INFINITE_RECURSION = YES;
				CLANG_WARN_INT_CONVERSION = YES;
				CLANG_WARN_NON_LITERAL_NULL_CONVERSION = YES;
				CLANG_WARN_OBJC_IMPLICIT_RETAIN_SELF = YES;
				CLANG_WARN_OBJC_LITERAL_CONVERSION = YES;
				CLANG_WARN_OBJC_ROOT_CLASS = YES_ERROR;
				CLANG_WARN_RANGE_LOOP_ANALYSIS = YES;
				CLANG_WARN_STRICT_PROTOTYPES = YES;
				CLANG_WARN_SUSPICIOUS_MOVE = YES;
				CLANG_WARN_UNREACHABLE_CODE = YES;
				CLANG_WARN__DUPLICATE_METHOD_MATCH = YES;
				"CODE_SIGN_IDENTITY[sdk=iphoneos*]" = "iPhone Developer";
				COPY_PHASE_STRIP = NO;
				DEBUG_INFORMATION_FORMAT = "dwarf-with-dsym";
				ENABLE_NS_ASSERTIONS = NO;
				ENABLE_STRICT_OBJC_MSGSEND = YES;
				GCC_C_LANGUAGE_STANDARD = gnu99;
				GCC_NO_COMMON_BLOCKS = YES;
				GCC_WARN_64_TO_32_BIT_CONVERSION = YES;
				GCC_WARN_ABOUT_RETURN_TYPE = YES_ERROR;
				GCC_WARN_UNDECLARED_SELECTOR = YES;
				GCC_WARN_UNINITIALIZED_AUTOS = YES_AGGRESSIVE;
				GCC_WARN_UNUSED_FUNCTION = YES;
				GCC_WARN_UNUSED_VARIABLE = YES;
				IPHONEOS_DEPLOYMENT_TARGET = 9.3;
				MTL_ENABLE_DEBUG_INFO = NO;
				SDKROOT = iphoneos;
				SWIFT_OPTIMIZATION_LEVEL = "-Owholemodule";
				TARGETED_DEVICE_FAMILY = "1,2";
				VALIDATE_PRODUCT = YES;
			};
			name = Release;
		};
		A54DF0CF1D9188C60078EE52 /* Debug */ = {
			isa = XCBuildConfiguration;
			buildSettings = {
				ASSETCATALOG_COMPILER_APPICON_NAME = AppIcon;
				CODE_SIGN_ENTITLEMENTS = beaconWalker/beaconWalker.entitlements;
				DEVELOPMENT_TEAM = GYM5NHJ654;
				INFOPLIST_FILE = beaconWalker/Info.plist;
				IPHONEOS_DEPLOYMENT_TARGET = 10.3;
				LD_RUNPATH_SEARCH_PATHS = "$(inherited) @executable_path/Frameworks";
				PRODUCT_BUNDLE_IDENTIFIER = com.peteralt.beaconWalker;
				PRODUCT_NAME = "$(TARGET_NAME)";
				SWIFT_SWIFT3_OBJC_INFERENCE = Off;
				SWIFT_VERSION = 4.0;
				TARGETED_DEVICE_FAMILY = 1;
			};
			name = Debug;
		};
		A54DF0D01D9188C60078EE52 /* Release */ = {
			isa = XCBuildConfiguration;
			buildSettings = {
				ASSETCATALOG_COMPILER_APPICON_NAME = AppIcon;
				CODE_SIGN_ENTITLEMENTS = beaconWalker/beaconWalker.entitlements;
				DEVELOPMENT_TEAM = GYM5NHJ654;
				INFOPLIST_FILE = beaconWalker/Info.plist;
				IPHONEOS_DEPLOYMENT_TARGET = 10.3;
				LD_RUNPATH_SEARCH_PATHS = "$(inherited) @executable_path/Frameworks";
				PRODUCT_BUNDLE_IDENTIFIER = com.peteralt.beaconWalker;
				PRODUCT_NAME = "$(TARGET_NAME)";
				SWIFT_SWIFT3_OBJC_INFERENCE = Off;
				SWIFT_VERSION = 4.0;
				TARGETED_DEVICE_FAMILY = 1;
			};
			name = Release;
		};
		A5ECDE451D91A9E700FADD78 /* Debug */ = {
			isa = XCBuildConfiguration;
			buildSettings = {
				BUNDLE_LOADER = "$(TEST_HOST)";
				DEVELOPMENT_TEAM = GYM5NHJ654;
				INFOPLIST_FILE = beaconWalkerTests/Info.plist;
				LD_RUNPATH_SEARCH_PATHS = "$(inherited) @executable_path/Frameworks @loader_path/Frameworks";
				PRODUCT_BUNDLE_IDENTIFIER = org.philamuseum.beaconWalkerTests;
				PRODUCT_NAME = "$(TARGET_NAME)";
				SWIFT_SWIFT3_OBJC_INFERENCE = Off;
				SWIFT_VERSION = 4.0;
				TEST_HOST = "$(BUILT_PRODUCTS_DIR)/beaconWalker.app/beaconWalker";
			};
			name = Debug;
		};
		A5ECDE461D91A9E700FADD78 /* Release */ = {
			isa = XCBuildConfiguration;
			buildSettings = {
				BUNDLE_LOADER = "$(TEST_HOST)";
				DEVELOPMENT_TEAM = GYM5NHJ654;
				INFOPLIST_FILE = beaconWalkerTests/Info.plist;
				LD_RUNPATH_SEARCH_PATHS = "$(inherited) @executable_path/Frameworks @loader_path/Frameworks";
				PRODUCT_BUNDLE_IDENTIFIER = org.philamuseum.beaconWalkerTests;
				PRODUCT_NAME = "$(TARGET_NAME)";
				SWIFT_SWIFT3_OBJC_INFERENCE = Off;
				SWIFT_VERSION = 4.0;
				TEST_HOST = "$(BUILT_PRODUCTS_DIR)/beaconWalker.app/beaconWalker";
			};
			name = Release;
		};
/* End XCBuildConfiguration section */

/* Begin XCConfigurationList section */
		8A571EF21DA55ADF00443893 /* Build configuration list for PBXNativeTarget "beaconWalkerUITests" */ = {
			isa = XCConfigurationList;
			buildConfigurations = (
				8A571EF31DA55ADF00443893 /* Debug */,
				8A571EF41DA55ADF00443893 /* Release */,
			);
			defaultConfigurationIsVisible = 0;
			defaultConfigurationName = Release;
		};
		A54DF0B41D9188C60078EE52 /* Build configuration list for PBXProject "beaconWalker" */ = {
			isa = XCConfigurationList;
			buildConfigurations = (
				A54DF0CC1D9188C60078EE52 /* Debug */,
				A54DF0CD1D9188C60078EE52 /* Release */,
			);
			defaultConfigurationIsVisible = 0;
			defaultConfigurationName = Release;
		};
		A54DF0CE1D9188C60078EE52 /* Build configuration list for PBXNativeTarget "beaconWalker" */ = {
			isa = XCConfigurationList;
			buildConfigurations = (
				A54DF0CF1D9188C60078EE52 /* Debug */,
				A54DF0D01D9188C60078EE52 /* Release */,
			);
			defaultConfigurationIsVisible = 0;
			defaultConfigurationName = Release;
		};
		A5ECDE471D91A9E700FADD78 /* Build configuration list for PBXNativeTarget "beaconWalkerTests" */ = {
			isa = XCConfigurationList;
			buildConfigurations = (
				A5ECDE451D91A9E700FADD78 /* Debug */,
				A5ECDE461D91A9E700FADD78 /* Release */,
			);
			defaultConfigurationIsVisible = 0;
			defaultConfigurationName = Release;
		};
/* End XCConfigurationList section */

/* Begin XCVersionGroup section */
		A54DF0C31D9188C60078EE52 /* beaconWalker.xcdatamodeld */ = {
			isa = XCVersionGroup;
			children = (
				A54DF0C41D9188C60078EE52 /* beaconWalker.xcdatamodel */,
			);
			currentVersion = A54DF0C41D9188C60078EE52 /* beaconWalker.xcdatamodel */;
			path = beaconWalker.xcdatamodeld;
			sourceTree = "<group>";
			versionGroupType = wrapper.xcdatamodel;
		};
/* End XCVersionGroup section */
	};
	rootObject = A54DF0B11D9188C60078EE52 /* Project object */;
}
